
Microsoft Visual Studio Solution File, Format Version 12.00
# Visual Studio Version 16
VisualStudioVersion = 16.0.30114.105
MinimumVisualStudioVersion = 10.0.40219.1
Project("{FAE04EC0-301F-11D3-BF4B-00C04F79EFBC}") = "PresentationLayer", "PresentationLayer\PresentationLayer.csproj", "{43F66672-E849-42A8-87E0-DCBF6E521EF4}"
EndProject
Project("{FAE04EC0-301F-11D3-BF4B-00C04F79EFBC}") = "LogicLayer", "LogicLayer\LogicLayer.csproj", "{C114CF99-B2D2-4A55-8C01-327C2B4BBA83}"
EndProject
Project("{FAE04EC0-301F-11D3-BF4B-00C04F79EFBC}") = "DataAccessLayer", "DataAccessLayer\DataAccessLayer.csproj", "{A3F0221C-F94D-476B-AC7A-BC7DF4450899}"
EndProject
Project("{FAE04EC0-301F-11D3-BF4B-00C04F79EFBC}") = "DataObjects", "DataObjects\DataObjects.csproj", "{C8A2CF49-6BFF-452B-B589-5318076E2925}"
EndProject
Global
	GlobalSection(SolutionConfigurationPlatforms) = preSolution
		Debug|Any CPU = Debug|Any CPU
		Release|Any CPU = Release|Any CPU
	EndGlobalSection
	GlobalSection(ProjectConfigurationPlatforms) = postSolution
		{43F66672-E849-42A8-87E0-DCBF6E521EF4}.Debug|Any CPU.ActiveCfg = Debug|Any CPU
		{43F66672-E849-42A8-87E0-DCBF6E521EF4}.Debug|Any CPU.Build.0 = Debug|Any CPU
		{43F66672-E849-42A8-87E0-DCBF6E521EF4}.Release|Any CPU.ActiveCfg = Release|Any CPU
		{43F66672-E849-42A8-87E0-DCBF6E521EF4}.Release|Any CPU.Build.0 = Release|Any CPU
		{C114CF99-B2D2-4A55-8C01-327C2B4BBA83}.Debug|Any CPU.ActiveCfg = Debug|Any CPU
		{C114CF99-B2D2-4A55-8C01-327C2B4BBA83}.Debug|Any CPU.Build.0 = Debug|Any CPU
		{C114CF99-B2D2-4A55-8C01-327C2B4BBA83}.Release|Any CPU.ActiveCfg = Release|Any CPU
		{C114CF99-B2D2-4A55-8C01-327C2B4BBA83}.Release|Any CPU.Build.0 = Release|Any CPU
		{A3F0221C-F94D-476B-AC7A-BC7DF4450899}.Debug|Any CPU.ActiveCfg = Debug|Any CPU
		{A3F0221C-F94D-476B-AC7A-BC7DF4450899}.Debug|Any CPU.Build.0 = Debug|Any CPU
		{A3F0221C-F94D-476B-AC7A-BC7DF4450899}.Release|Any CPU.ActiveCfg = Release|Any CPU
		{A3F0221C-F94D-476B-AC7A-BC7DF4450899}.Release|Any CPU.Build.0 = Release|Any CPU
		{C8A2CF49-6BFF-452B-B589-5318076E2925}.Debug|Any CPU.ActiveCfg = Debug|Any CPU
		{C8A2CF49-6BFF-452B-B589-5318076E2925}.Debug|Any CPU.Build.0 = Debug|Any CPU
		{C8A2CF49-6BFF-452B-B589-5318076E2925}.Release|Any CPU.ActiveCfg = Release|Any CPU
		{C8A2CF49-6BFF-452B-B589-5318076E2925}.Release|Any CPU.Build.0 = Release|Any CPU
	EndGlobalSection
	GlobalSection(SolutionProperties) = preSolution
		HideSolutionNode = FALSE
	EndGlobalSection
	GlobalSection(ExtensibilityGlobals) = postSolution
		SolutionGuid = {4C3B0F88-FB44-4F91-A3CD-BC7576E23FFE}
	EndGlobalSection
EndGlobal
